
Microsoft Visual Studio Solution File, Format Version 12.00
Project("{FAE04EC0-301F-11D3-BF4B-00C04F79EFBC}") = "zad5", "zad5\zad5.csproj", "{87CAAA27-7EE6-4300-B593-0BAA33FC0367}"
EndProject
Global
	GlobalSection(SolutionConfigurationPlatforms) = preSolution
		Debug|Any CPU = Debug|Any CPU
		Release|Any CPU = Release|Any CPU
	EndGlobalSection
	GlobalSection(ProjectConfigurationPlatforms) = postSolution
		{87CAAA27-7EE6-4300-B593-0BAA33FC0367}.Debug|Any CPU.ActiveCfg = Debug|Any CPU
		{87CAAA27-7EE6-4300-B593-0BAA33FC0367}.Debug|Any CPU.Build.0 = Debug|Any CPU
		{87CAAA27-7EE6-4300-B593-0BAA33FC0367}.Release|Any CPU.ActiveCfg = Release|Any CPU
		{87CAAA27-7EE6-4300-B593-0BAA33FC0367}.Release|Any CPU.Build.0 = Release|Any CPU
	EndGlobalSection
EndGlobal
